// !$*UTF8*$!
{
	archiveVersion = 1;
	classes = {
	};
	objectVersion = 48;
	objects = {

/* Begin PBXBuildFile section */
		16A864A11FD10171005B5415 /* SignUpViewController.swift in Sources */ = {isa = PBXBuildFile; fileRef = 16A864A01FD10171005B5415 /* SignUpViewController.swift */; };
		8F0717101FC4A3DF00324751 /* Alamofire.framework in Frameworks */ = {isa = PBXBuildFile; fileRef = 8F0717111FC4A3DF00324751 /* Alamofire.framework */; };
		8F0717131FC4B8E200324751 /* AudioPlayerViewController.swift in Sources */ = {isa = PBXBuildFile; fileRef = 8F0717121FC4B8E200324751 /* AudioPlayerViewController.swift */; };
		8F0717151FC4C49A00324751 /* LoginManager.swift in Sources */ = {isa = PBXBuildFile; fileRef = 8F0717141FC4C49900324751 /* LoginManager.swift */; };
		8F0717171FC4C51B00324751 /* MediaPlayer.swift in Sources */ = {isa = PBXBuildFile; fileRef = 8F0717161FC4C51A00324751 /* MediaPlayer.swift */; };
		8F0B0B491FC2257800BE8A00 /* Group14Alpha.xcdatamodeld in Sources */ = {isa = PBXBuildFile; fileRef = 8F0B0B471FC2257800BE8A00 /* Group14Alpha.xcdatamodeld */; };
		8F0B0B4B1FC254D000BE8A00 /* PinViewController.swift in Sources */ = {isa = PBXBuildFile; fileRef = 8F0B0B4A1FC254D000BE8A00 /* PinViewController.swift */; };
		8F28A6A61FA021B600A6DE1F /* AppDelegate.swift in Sources */ = {isa = PBXBuildFile; fileRef = 8F28A6A51FA021B600A6DE1F /* AppDelegate.swift */; };
		8F28A6A81FA021B600A6DE1F /* ViewController.swift in Sources */ = {isa = PBXBuildFile; fileRef = 8F28A6A71FA021B600A6DE1F /* ViewController.swift */; };
		8F28A6AB1FA021B600A6DE1F /* Main.storyboard in Resources */ = {isa = PBXBuildFile; fileRef = 8F28A6A91FA021B600A6DE1F /* Main.storyboard */; };
		8F28A6AD1FA021B600A6DE1F /* Assets.xcassets in Resources */ = {isa = PBXBuildFile; fileRef = 8F28A6AC1FA021B600A6DE1F /* Assets.xcassets */; };
		8F28A6B01FA021B600A6DE1F /* LaunchScreen.storyboard in Resources */ = {isa = PBXBuildFile; fileRef = 8F28A6AE1FA021B600A6DE1F /* LaunchScreen.storyboard */; };
		8F28A6BA1FA0242D00A6DE1F /* FacebookSDKs-iOS-4.27.1 in Frameworks */ = {isa = PBXBuildFile; fileRef = 8F28A6B91FA0242D00A6DE1F /* FacebookSDKs-iOS-4.27.1 */; };
		8F4EF20A1FA80B19006C2B47 /* MapViewController.swift in Sources */ = {isa = PBXBuildFile; fileRef = 8F4EF2091FA80B19006C2B47 /* MapViewController.swift */; };
		8F4EF20C1FA813AD006C2B47 /* MapKit.framework in Frameworks */ = {isa = PBXBuildFile; fileRef = 8F4EF20B1FA813AD006C2B47 /* MapKit.framework */; };
		8F4EF20E1FA813EB006C2B47 /* CoreLocation.framework in Frameworks */ = {isa = PBXBuildFile; fileRef = 8F4EF20D1FA813E3006C2B47 /* CoreLocation.framework */; };
		8F4EF2171FA8167B006C2B47 /* Bolts.framework in Frameworks */ = {isa = PBXBuildFile; fileRef = 8F4EF21C1FA8167B006C2B47 /* Bolts.framework */; settings = {ATTRIBUTES = (Weak, ); }; };
		8F4EF2181FA8167B006C2B47 /* FBSDKCoreKit.framework in Frameworks */ = {isa = PBXBuildFile; fileRef = 8F4EF21D1FA8167B006C2B47 /* FBSDKCoreKit.framework */; settings = {ATTRIBUTES = (Weak, ); }; };
		8F4EF2191FA8167B006C2B47 /* FBSDKLoginKit.framework in Frameworks */ = {isa = PBXBuildFile; fileRef = 8F4EF21E1FA8167B006C2B47 /* FBSDKLoginKit.framework */; settings = {ATTRIBUTES = (Weak, ); }; };
		8F4EF21A1FA8167B006C2B47 /* FBSDKShareKit.framework in Frameworks */ = {isa = PBXBuildFile; fileRef = 8F4EF21F1FA8167B006C2B47 /* FBSDKShareKit.framework */; settings = {ATTRIBUTES = (Weak, ); }; };
		8F4EF21B1FA8167B006C2B47 /* Pods_Group14Alpha.framework in Frameworks */ = {isa = PBXBuildFile; fileRef = 8F4EF2201FA8167B006C2B47 /* Pods_Group14Alpha.framework */; settings = {ATTRIBUTES = (Weak, ); }; };
		8FBFCA7C1FBBD992006CBBC5 /* SpotifyKit.framework in Frameworks */ = {isa = PBXBuildFile; fileRef = 8FBFCA7D1FBBD992006CBBC5 /* SpotifyKit.framework */; };
		8FBFCA7F1FBBDE96006CBBC5 /* SpotifyViewController.swift in Sources */ = {isa = PBXBuildFile; fileRef = 8FBFCA7E1FBBDE96006CBBC5 /* SpotifyViewController.swift */; };
		8FBFCA8A1FBBE333006CBBC5 /* BridgeViewController.m in Sources */ = {isa = PBXBuildFile; fileRef = 8FBFCA891FBBE333006CBBC5 /* BridgeViewController.m */; };
		8FFBFB771FBBE35400CB80C3 /* SpotifyMetadata.framework in Frameworks */ = {isa = PBXBuildFile; fileRef = 8FFBFB741FBBE35300CB80C3 /* SpotifyMetadata.framework */; };
		8FFBFB781FBBE35400CB80C3 /* SpotifyAudioPlayback.framework in Frameworks */ = {isa = PBXBuildFile; fileRef = 8FFBFB751FBBE35300CB80C3 /* SpotifyAudioPlayback.framework */; };
		8FFBFB791FBBE35400CB80C3 /* SpotifyAuthentication.framework in Frameworks */ = {isa = PBXBuildFile; fileRef = 8FFBFB761FBBE35300CB80C3 /* SpotifyAuthentication.framework */; };
/* End PBXBuildFile section */

/* Begin PBXFileReference section */
		0394908F834F419DBE393EC2 /* Pods-Group14Alpha.release.xcconfig */ = {isa = PBXFileReference; includeInIndex = 1; lastKnownFileType = text.xcconfig; name = "Pods-Group14Alpha.release.xcconfig"; path = "Pods/Target Support Files/Pods-Group14Alpha/Pods-Group14Alpha.release.xcconfig"; sourceTree = "<group>"; };
		16A864A01FD10171005B5415 /* SignUpViewController.swift */ = {isa = PBXFileReference; lastKnownFileType = sourcecode.swift; path = SignUpViewController.swift; sourceTree = "<group>"; };
		16DDF6471FA6D27F000EB80D /* Group14Alpha.entitlements */ = {isa = PBXFileReference; lastKnownFileType = text.plist.entitlements; path = Group14Alpha.entitlements; sourceTree = "<group>"; };
		673549A023F5614C0A8157EB /* Pods-Group14Alpha.debug.xcconfig */ = {isa = PBXFileReference; includeInIndex = 1; lastKnownFileType = text.xcconfig; name = "Pods-Group14Alpha.debug.xcconfig"; path = "Pods/Target Support Files/Pods-Group14Alpha/Pods-Group14Alpha.debug.xcconfig"; sourceTree = "<group>"; };
		7AF569983AEAED8629CE40EB /* Pods_Group14Alpha.framework */ = {isa = PBXFileReference; explicitFileType = wrapper.framework; includeInIndex = 0; path = Pods_Group14Alpha.framework; sourceTree = BUILT_PRODUCTS_DIR; };
		8F0717111FC4A3DF00324751 /* Alamofire.framework */ = {isa = PBXFileReference; explicitFileType = wrapper.framework; path = Alamofire.framework; sourceTree = BUILT_PRODUCTS_DIR; };
		8F0717121FC4B8E200324751 /* AudioPlayerViewController.swift */ = {isa = PBXFileReference; lastKnownFileType = sourcecode.swift; path = AudioPlayerViewController.swift; sourceTree = "<group>"; };
		8F0717141FC4C49900324751 /* LoginManager.swift */ = {isa = PBXFileReference; fileEncoding = 4; lastKnownFileType = sourcecode.swift; path = LoginManager.swift; sourceTree = "<group>"; };
		8F0717161FC4C51A00324751 /* MediaPlayer.swift */ = {isa = PBXFileReference; fileEncoding = 4; lastKnownFileType = sourcecode.swift; path = MediaPlayer.swift; sourceTree = "<group>"; };
		8F0B0B481FC2257800BE8A00 /* Group14Alpha.xcdatamodel */ = {isa = PBXFileReference; lastKnownFileType = wrapper.xcdatamodel; path = Group14Alpha.xcdatamodel; sourceTree = "<group>"; };
		8F0B0B4A1FC254D000BE8A00 /* PinViewController.swift */ = {isa = PBXFileReference; lastKnownFileType = sourcecode.swift; path = PinViewController.swift; sourceTree = "<group>"; };
		8F28A6A21FA021B600A6DE1F /* Group14Alpha.app */ = {isa = PBXFileReference; explicitFileType = wrapper.application; includeInIndex = 0; path = Group14Alpha.app; sourceTree = BUILT_PRODUCTS_DIR; };
		8F28A6A51FA021B600A6DE1F /* AppDelegate.swift */ = {isa = PBXFileReference; lastKnownFileType = sourcecode.swift; path = AppDelegate.swift; sourceTree = "<group>"; };
		8F28A6A71FA021B600A6DE1F /* ViewController.swift */ = {isa = PBXFileReference; lastKnownFileType = sourcecode.swift; path = ViewController.swift; sourceTree = "<group>"; xcLanguageSpecificationIdentifier = xcode.lang.swift; };
		8F28A6AA1FA021B600A6DE1F /* Base */ = {isa = PBXFileReference; lastKnownFileType = file.storyboard; name = Base; path = Base.lproj/Main.storyboard; sourceTree = "<group>"; };
		8F28A6AC1FA021B600A6DE1F /* Assets.xcassets */ = {isa = PBXFileReference; lastKnownFileType = folder.assetcatalog; path = Assets.xcassets; sourceTree = "<group>"; };
		8F28A6AF1FA021B600A6DE1F /* Base */ = {isa = PBXFileReference; lastKnownFileType = file.storyboard; name = Base; path = Base.lproj/LaunchScreen.storyboard; sourceTree = "<group>"; };
		8F28A6B11FA021B600A6DE1F /* Info.plist */ = {isa = PBXFileReference; lastKnownFileType = text.plist.xml; path = Info.plist; sourceTree = "<group>"; };
		8F28A6B91FA0242D00A6DE1F /* FacebookSDKs-iOS-4.27.1 */ = {isa = PBXFileReference; lastKnownFileType = folder; name = "FacebookSDKs-iOS-4.27.1"; path = "../../../../../../../Documents/FacebookSDKs-iOS-4.27.1"; sourceTree = "<group>"; };
		8F4EF2091FA80B19006C2B47 /* MapViewController.swift */ = {isa = PBXFileReference; lastKnownFileType = sourcecode.swift; path = MapViewController.swift; sourceTree = "<group>"; };
		8F4EF20B1FA813AD006C2B47 /* MapKit.framework */ = {isa = PBXFileReference; lastKnownFileType = wrapper.framework; name = MapKit.framework; path = System/Library/Frameworks/MapKit.framework; sourceTree = SDKROOT; };
		8F4EF20D1FA813E3006C2B47 /* CoreLocation.framework */ = {isa = PBXFileReference; lastKnownFileType = wrapper.framework; name = CoreLocation.framework; path = System/Library/Frameworks/CoreLocation.framework; sourceTree = SDKROOT; };
		8F4EF2101FA815A6006C2B47 /* Bolts.framework */ = {isa = PBXFileReference; explicitFileType = wrapper.framework; path = Bolts.framework; sourceTree = BUILT_PRODUCTS_DIR; };
		8F4EF2141FA815AE006C2B47 /* FBSDKCoreKit.framework */ = {isa = PBXFileReference; explicitFileType = wrapper.framework; path = FBSDKCoreKit.framework; sourceTree = BUILT_PRODUCTS_DIR; };
		8F4EF2151FA815AE006C2B47 /* FBSDKLoginKit.framework */ = {isa = PBXFileReference; explicitFileType = wrapper.framework; path = FBSDKLoginKit.framework; sourceTree = BUILT_PRODUCTS_DIR; };
		8F4EF2161FA815AE006C2B47 /* FBSDKShareKit.framework */ = {isa = PBXFileReference; explicitFileType = wrapper.framework; path = FBSDKShareKit.framework; sourceTree = BUILT_PRODUCTS_DIR; };
		8F4EF21C1FA8167B006C2B47 /* Bolts.framework */ = {isa = PBXFileReference; explicitFileType = wrapper.framework; path = Bolts.framework; sourceTree = BUILT_PRODUCTS_DIR; };
		8F4EF21D1FA8167B006C2B47 /* FBSDKCoreKit.framework */ = {isa = PBXFileReference; explicitFileType = wrapper.framework; path = FBSDKCoreKit.framework; sourceTree = BUILT_PRODUCTS_DIR; };
		8F4EF21E1FA8167B006C2B47 /* FBSDKLoginKit.framework */ = {isa = PBXFileReference; explicitFileType = wrapper.framework; path = FBSDKLoginKit.framework; sourceTree = BUILT_PRODUCTS_DIR; };
		8F4EF21F1FA8167B006C2B47 /* FBSDKShareKit.framework */ = {isa = PBXFileReference; explicitFileType = wrapper.framework; path = FBSDKShareKit.framework; sourceTree = BUILT_PRODUCTS_DIR; };
		8F4EF2201FA8167B006C2B47 /* Pods_Group14Alpha.framework */ = {isa = PBXFileReference; explicitFileType = wrapper.framework; path = Pods_Group14Alpha.framework; sourceTree = BUILT_PRODUCTS_DIR; };
		8FBFCA7D1FBBD992006CBBC5 /* SpotifyKit.framework */ = {isa = PBXFileReference; explicitFileType = wrapper.framework; path = SpotifyKit.framework; sourceTree = BUILT_PRODUCTS_DIR; };
		8FBFCA7E1FBBDE96006CBBC5 /* SpotifyViewController.swift */ = {isa = PBXFileReference; lastKnownFileType = sourcecode.swift; path = SpotifyViewController.swift; sourceTree = "<group>"; };
		8FBFCA801FBBE225006CBBC5 /* AVFoundation.framework */ = {isa = PBXFileReference; lastKnownFileType = wrapper.framework; name = AVFoundation.framework; path = System/Library/Frameworks/AVFoundation.framework; sourceTree = SDKROOT; };
		8FBFCA871FBBE333006CBBC5 /* Group14Alpha-Bridging-Header.h */ = {isa = PBXFileReference; lastKnownFileType = sourcecode.c.h; path = "Group14Alpha-Bridging-Header.h"; sourceTree = "<group>"; };
		8FBFCA881FBBE333006CBBC5 /* BridgeViewController.h */ = {isa = PBXFileReference; lastKnownFileType = sourcecode.c.h; path = BridgeViewController.h; sourceTree = "<group>"; };
		8FBFCA891FBBE333006CBBC5 /* BridgeViewController.m */ = {isa = PBXFileReference; lastKnownFileType = sourcecode.c.objc; path = BridgeViewController.m; sourceTree = "<group>"; };
		8FFBFB741FBBE35300CB80C3 /* SpotifyMetadata.framework */ = {isa = PBXFileReference; lastKnownFileType = wrapper.framework; path = SpotifyMetadata.framework; sourceTree = "<group>"; };
		8FFBFB751FBBE35300CB80C3 /* SpotifyAudioPlayback.framework */ = {isa = PBXFileReference; lastKnownFileType = wrapper.framework; path = SpotifyAudioPlayback.framework; sourceTree = "<group>"; };
		8FFBFB761FBBE35300CB80C3 /* SpotifyAuthentication.framework */ = {isa = PBXFileReference; lastKnownFileType = wrapper.framework; name = SpotifyAuthentication.framework; path = "../../../../../../../../Downloads/ios-sdk-master/SpotifyAuthentication.framework"; sourceTree = "<group>"; };
/* End PBXFileReference section */

/* Begin PBXFrameworksBuildPhase section */
		8F28A69F1FA021B600A6DE1F /* Frameworks */ = {
			isa = PBXFrameworksBuildPhase;
			buildActionMask = 2147483647;
			files = (
				8F0717101FC4A3DF00324751 /* Alamofire.framework in Frameworks */,
				8FFBFB771FBBE35400CB80C3 /* SpotifyMetadata.framework in Frameworks */,
				8FFBFB791FBBE35400CB80C3 /* SpotifyAuthentication.framework in Frameworks */,
				8FBFCA7C1FBBD992006CBBC5 /* SpotifyKit.framework in Frameworks */,
				8F4EF2171FA8167B006C2B47 /* Bolts.framework in Frameworks */,
				8F4EF2181FA8167B006C2B47 /* FBSDKCoreKit.framework in Frameworks */,
				8F4EF2191FA8167B006C2B47 /* FBSDKLoginKit.framework in Frameworks */,
				8F4EF21A1FA8167B006C2B47 /* FBSDKShareKit.framework in Frameworks */,
				8F4EF21B1FA8167B006C2B47 /* Pods_Group14Alpha.framework in Frameworks */,
				8F4EF20E1FA813EB006C2B47 /* CoreLocation.framework in Frameworks */,
				8F28A6BA1FA0242D00A6DE1F /* FacebookSDKs-iOS-4.27.1 in Frameworks */,
				8FFBFB781FBBE35400CB80C3 /* SpotifyAudioPlayback.framework in Frameworks */,
				8F4EF20C1FA813AD006C2B47 /* MapKit.framework in Frameworks */,
			);
			runOnlyForDeploymentPostprocessing = 0;
		};
/* End PBXFrameworksBuildPhase section */

/* Begin PBXGroup section */
		8BD0BE46078D55E22C601C96 /* Pods */ = {
			isa = PBXGroup;
			children = (
				673549A023F5614C0A8157EB /* Pods-Group14Alpha.debug.xcconfig */,
				0394908F834F419DBE393EC2 /* Pods-Group14Alpha.release.xcconfig */,
			);
			name = Pods;
			sourceTree = "<group>";
		};
		8F28A6991FA021B600A6DE1F = {
			isa = PBXGroup;
			children = (
				8F0B0B471FC2257800BE8A00 /* Group14Alpha.xcdatamodeld */,
				8F28A6A41FA021B600A6DE1F /* Group14Alpha */,
				8F28A6A31FA021B600A6DE1F /* Products */,
				8F28A6B81FA0242D00A6DE1F /* Frameworks */,
				8BD0BE46078D55E22C601C96 /* Pods */,
			);
			sourceTree = "<group>";
		};
		8F28A6A31FA021B600A6DE1F /* Products */ = {
			isa = PBXGroup;
			children = (
				8F28A6A21FA021B600A6DE1F /* Group14Alpha.app */,
			);
			name = Products;
			sourceTree = "<group>";
		};
		8F28A6A41FA021B600A6DE1F /* Group14Alpha */ = {
			isa = PBXGroup;
			children = (
				8FFBFB751FBBE35300CB80C3 /* SpotifyAudioPlayback.framework */,
				8FFBFB761FBBE35300CB80C3 /* SpotifyAuthentication.framework */,
				8FFBFB741FBBE35300CB80C3 /* SpotifyMetadata.framework */,
				16DDF6471FA6D27F000EB80D /* Group14Alpha.entitlements */,
				8F28A6A51FA021B600A6DE1F /* AppDelegate.swift */,
				8F28A6A71FA021B600A6DE1F /* ViewController.swift */,
				16A864A01FD10171005B5415 /* SignUpViewController.swift */,
				8F4EF2091FA80B19006C2B47 /* MapViewController.swift */,
				8F0B0B4A1FC254D000BE8A00 /* PinViewController.swift */,
				8FBFCA7E1FBBDE96006CBBC5 /* SpotifyViewController.swift */,
				8F0717141FC4C49900324751 /* LoginManager.swift */,
				8F0717161FC4C51A00324751 /* MediaPlayer.swift */,
				8F0717121FC4B8E200324751 /* AudioPlayerViewController.swift */,
				8F28A6A91FA021B600A6DE1F /* Main.storyboard */,
				8F28A6AC1FA021B600A6DE1F /* Assets.xcassets */,
				8F28A6AE1FA021B600A6DE1F /* LaunchScreen.storyboard */,
				8F28A6B11FA021B600A6DE1F /* Info.plist */,
				8FBFCA881FBBE333006CBBC5 /* BridgeViewController.h */,
				8FBFCA891FBBE333006CBBC5 /* BridgeViewController.m */,
				8FBFCA871FBBE333006CBBC5 /* Group14Alpha-Bridging-Header.h */,
			);
			path = Group14Alpha;
			sourceTree = "<group>";
		};
		8F28A6B81FA0242D00A6DE1F /* Frameworks */ = {
			isa = PBXGroup;
			children = (
				8F0717111FC4A3DF00324751 /* Alamofire.framework */,
				8FBFCA801FBBE225006CBBC5 /* AVFoundation.framework */,
				8FBFCA7D1FBBD992006CBBC5 /* SpotifyKit.framework */,
				8F4EF21C1FA8167B006C2B47 /* Bolts.framework */,
				8F4EF21D1FA8167B006C2B47 /* FBSDKCoreKit.framework */,
				8F4EF21E1FA8167B006C2B47 /* FBSDKLoginKit.framework */,
				8F4EF21F1FA8167B006C2B47 /* FBSDKShareKit.framework */,
				8F4EF2201FA8167B006C2B47 /* Pods_Group14Alpha.framework */,
				8F4EF2141FA815AE006C2B47 /* FBSDKCoreKit.framework */,
				8F4EF2151FA815AE006C2B47 /* FBSDKLoginKit.framework */,
				8F4EF2161FA815AE006C2B47 /* FBSDKShareKit.framework */,
				8F4EF2101FA815A6006C2B47 /* Bolts.framework */,
				8F4EF20D1FA813E3006C2B47 /* CoreLocation.framework */,
				8F4EF20B1FA813AD006C2B47 /* MapKit.framework */,
				8F28A6B91FA0242D00A6DE1F /* FacebookSDKs-iOS-4.27.1 */,
				7AF569983AEAED8629CE40EB /* Pods_Group14Alpha.framework */,
			);
			name = Frameworks;
			sourceTree = "<group>";
		};
/* End PBXGroup section */

/* Begin PBXNativeTarget section */
		8F28A6A11FA021B600A6DE1F /* Group14Alpha */ = {
			isa = PBXNativeTarget;
			buildConfigurationList = 8F28A6B41FA021B600A6DE1F /* Build configuration list for PBXNativeTarget "Group14Alpha" */;
			buildPhases = (
				9A3A1F1781279FF847344202 /* [CP] Check Pods Manifest.lock */,
				8F28A69E1FA021B600A6DE1F /* Sources */,
				8F28A69F1FA021B600A6DE1F /* Frameworks */,
				8F28A6A01FA021B600A6DE1F /* Resources */,
				48BC3B2E361035AA3ECD23F3 /* [CP] Embed Pods Frameworks */,
				C330AF22FE726EE9369CC4E8 /* [CP] Copy Pods Resources */,
			);
			buildRules = (
			);
			dependencies = (
			);
			name = Group14Alpha;
			productName = Group14Alpha;
			productReference = 8F28A6A21FA021B600A6DE1F /* Group14Alpha.app */;
			productType = "com.apple.product-type.application";
		};
/* End PBXNativeTarget section */

/* Begin PBXProject section */
		8F28A69A1FA021B600A6DE1F /* Project object */ = {
			isa = PBXProject;
			attributes = {
				LastSwiftUpdateCheck = 0900;
				LastUpgradeCheck = 0900;
				ORGANIZATIONNAME = "Group 14";
				TargetAttributes = {
					8F28A6A11FA021B600A6DE1F = {
						CreatedOnToolsVersion = 9.0.1;
						LastSwiftMigration = 0910;
						ProvisioningStyle = Automatic;
						SystemCapabilities = {
							com.apple.Keychain = {
								enabled = 0;
							};
							com.apple.Maps.iOS = {
								enabled = 1;
							};
						};
					};
				};
			};
			buildConfigurationList = 8F28A69D1FA021B600A6DE1F /* Build configuration list for PBXProject "Group14Alpha" */;
			compatibilityVersion = "Xcode 8.0";
			developmentRegion = en;
			hasScannedForEncodings = 0;
			knownRegions = (
				en,
				Base,
			);
			mainGroup = 8F28A6991FA021B600A6DE1F;
			productRefGroup = 8F28A6A31FA021B600A6DE1F /* Products */;
			projectDirPath = "";
			projectRoot = "";
			targets = (
				8F28A6A11FA021B600A6DE1F /* Group14Alpha */,
			);
		};
/* End PBXProject section */

/* Begin PBXResourcesBuildPhase section */
		8F28A6A01FA021B600A6DE1F /* Resources */ = {
			isa = PBXResourcesBuildPhase;
			buildActionMask = 2147483647;
			files = (
				8F28A6B01FA021B600A6DE1F /* LaunchScreen.storyboard in Resources */,
				8F28A6AD1FA021B600A6DE1F /* Assets.xcassets in Resources */,
				8F28A6AB1FA021B600A6DE1F /* Main.storyboard in Resources */,
			);
			runOnlyForDeploymentPostprocessing = 0;
		};
/* End PBXResourcesBuildPhase section */

/* Begin PBXShellScriptBuildPhase section */
		48BC3B2E361035AA3ECD23F3 /* [CP] Embed Pods Frameworks */ = {
			isa = PBXShellScriptBuildPhase;
			buildActionMask = 2147483647;
			files = (
			);
			inputPaths = (
				"${SRCROOT}/Pods/Target Support Files/Pods-Group14Alpha/Pods-Group14Alpha-frameworks.sh",
				"${BUILT_PRODUCTS_DIR}/Alamofire/Alamofire.framework",
				"${BUILT_PRODUCTS_DIR}/Bolts/Bolts.framework",
				"${BUILT_PRODUCTS_DIR}/FBSDKCoreKit/FBSDKCoreKit.framework",
				"${BUILT_PRODUCTS_DIR}/FBSDKLoginKit/FBSDKLoginKit.framework",
				"${BUILT_PRODUCTS_DIR}/FBSDKShareKit/FBSDKShareKit.framework",
				"${BUILT_PRODUCTS_DIR}/SpotifyKit/SpotifyKit.framework",
			);
			name = "[CP] Embed Pods Frameworks";
			outputPaths = (
				"${TARGET_BUILD_DIR}/${FRAMEWORKS_FOLDER_PATH}/Alamofire.framework",
				"${TARGET_BUILD_DIR}/${FRAMEWORKS_FOLDER_PATH}/Bolts.framework",
				"${TARGET_BUILD_DIR}/${FRAMEWORKS_FOLDER_PATH}/FBSDKCoreKit.framework",
				"${TARGET_BUILD_DIR}/${FRAMEWORKS_FOLDER_PATH}/FBSDKLoginKit.framework",
				"${TARGET_BUILD_DIR}/${FRAMEWORKS_FOLDER_PATH}/FBSDKShareKit.framework",
				"${TARGET_BUILD_DIR}/${FRAMEWORKS_FOLDER_PATH}/SpotifyKit.framework",
			);
			runOnlyForDeploymentPostprocessing = 0;
			shellPath = /bin/sh;
			shellScript = "\"${SRCROOT}/Pods/Target Support Files/Pods-Group14Alpha/Pods-Group14Alpha-frameworks.sh\"\n";
			showEnvVarsInLog = 0;
		};
		9A3A1F1781279FF847344202 /* [CP] Check Pods Manifest.lock */ = {
			isa = PBXShellScriptBuildPhase;
			buildActionMask = 2147483647;
			files = (
			);
			inputPaths = (
				"${PODS_PODFILE_DIR_PATH}/Podfile.lock",
				"${PODS_ROOT}/Manifest.lock",
			);
			name = "[CP] Check Pods Manifest.lock";
			outputPaths = (
				"$(DERIVED_FILE_DIR)/Pods-Group14Alpha-checkManifestLockResult.txt",
			);
			runOnlyForDeploymentPostprocessing = 0;
			shellPath = /bin/sh;
			shellScript = "diff \"${PODS_PODFILE_DIR_PATH}/Podfile.lock\" \"${PODS_ROOT}/Manifest.lock\" > /dev/null\nif [ $? != 0 ] ; then\n    # print error to STDERR\n    echo \"error: The sandbox is not in sync with the Podfile.lock. Run 'pod install' or update your CocoaPods installation.\" >&2\n    exit 1\nfi\n# This output is used by Xcode 'outputs' to avoid re-running this script phase.\necho \"SUCCESS\" > \"${SCRIPT_OUTPUT_FILE_0}\"\n";
			showEnvVarsInLog = 0;
		};
		C330AF22FE726EE9369CC4E8 /* [CP] Copy Pods Resources */ = {
			isa = PBXShellScriptBuildPhase;
			buildActionMask = 2147483647;
			files = (
			);
			inputPaths = (
			);
			name = "[CP] Copy Pods Resources";
			outputPaths = (
			);
			runOnlyForDeploymentPostprocessing = 0;
			shellPath = /bin/sh;
			shellScript = "\"${SRCROOT}/Pods/Target Support Files/Pods-Group14Alpha/Pods-Group14Alpha-resources.sh\"\n";
			showEnvVarsInLog = 0;
		};
/* End PBXShellScriptBuildPhase section */

/* Begin PBXSourcesBuildPhase section */
		8F28A69E1FA021B600A6DE1F /* Sources */ = {
			isa = PBXSourcesBuildPhase;
			buildActionMask = 2147483647;
			files = (
				16A864A11FD10171005B5415 /* SignUpViewController.swift in Sources */,
				8F0717131FC4B8E200324751 /* AudioPlayerViewController.swift in Sources */,
				8F28A6A81FA021B600A6DE1F /* ViewController.swift in Sources */,
				8F4EF20A1FA80B19006C2B47 /* MapViewController.swift in Sources */,
				8F0B0B4B1FC254D000BE8A00 /* PinViewController.swift in Sources */,
				8F28A6A61FA021B600A6DE1F /* AppDelegate.swift in Sources */,
				8F0717151FC4C49A00324751 /* LoginManager.swift in Sources */,
				8FBFCA8A1FBBE333006CBBC5 /* BridgeViewController.m in Sources */,
				8FBFCA7F1FBBDE96006CBBC5 /* SpotifyViewController.swift in Sources */,
				8F0B0B491FC2257800BE8A00 /* Group14Alpha.xcdatamodeld in Sources */,
				8F0717171FC4C51B00324751 /* MediaPlayer.swift in Sources */,
			);
			runOnlyForDeploymentPostprocessing = 0;
		};
/* End PBXSourcesBuildPhase section */

/* Begin PBXVariantGroup section */
		8F28A6A91FA021B600A6DE1F /* Main.storyboard */ = {
			isa = PBXVariantGroup;
			children = (
				8F28A6AA1FA021B600A6DE1F /* Base */,
			);
			name = Main.storyboard;
			sourceTree = "<group>";
		};
		8F28A6AE1FA021B600A6DE1F /* LaunchScreen.storyboard */ = {
			isa = PBXVariantGroup;
			children = (
				8F28A6AF1FA021B600A6DE1F /* Base */,
			);
			name = LaunchScreen.storyboard;
			sourceTree = "<group>";
		};
/* End PBXVariantGroup section */

/* Begin XCBuildConfiguration section */
		8F28A6B21FA021B600A6DE1F /* Debug */ = {
			isa = XCBuildConfiguration;
			buildSettings = {
				ALWAYS_SEARCH_USER_PATHS = NO;
				CLANG_ANALYZER_NONNULL = YES;
				CLANG_ANALYZER_NUMBER_OBJECT_CONVERSION = YES_AGGRESSIVE;
				CLANG_CXX_LANGUAGE_STANDARD = "gnu++14";
				CLANG_CXX_LIBRARY = "libc++";
				CLANG_ENABLE_MODULES = YES;
				CLANG_ENABLE_OBJC_ARC = YES;
				CLANG_WARN_BLOCK_CAPTURE_AUTORELEASING = YES;
				CLANG_WARN_BOOL_CONVERSION = YES;
				CLANG_WARN_COMMA = YES;
				CLANG_WARN_CONSTANT_CONVERSION = YES;
				CLANG_WARN_DIRECT_OBJC_ISA_USAGE = YES_ERROR;
				CLANG_WARN_DOCUMENTATION_COMMENTS = YES;
				CLANG_WARN_EMPTY_BODY = YES;
				CLANG_WARN_ENUM_CONVERSION = YES;
				CLANG_WARN_INFINITE_RECURSION = YES;
				CLANG_WARN_INT_CONVERSION = YES;
				CLANG_WARN_NON_LITERAL_NULL_CONVERSION = YES;
				CLANG_WARN_OBJC_LITERAL_CONVERSION = YES;
				CLANG_WARN_OBJC_ROOT_CLASS = YES_ERROR;
				CLANG_WARN_RANGE_LOOP_ANALYSIS = YES;
				CLANG_WARN_STRICT_PROTOTYPES = YES;
				CLANG_WARN_SUSPICIOUS_MOVE = YES;
				CLANG_WARN_UNGUARDED_AVAILABILITY = YES_AGGRESSIVE;
				CLANG_WARN_UNREACHABLE_CODE = YES;
				CLANG_WARN__DUPLICATE_METHOD_MATCH = YES;
				CODE_SIGN_IDENTITY = "iPhone Developer";
				COPY_PHASE_STRIP = NO;
				DEBUG_INFORMATION_FORMAT = dwarf;
				ENABLE_STRICT_OBJC_MSGSEND = YES;
				ENABLE_TESTABILITY = YES;
				GCC_C_LANGUAGE_STANDARD = gnu11;
				GCC_DYNAMIC_NO_PIC = NO;
				GCC_NO_COMMON_BLOCKS = YES;
				GCC_OPTIMIZATION_LEVEL = 0;
				GCC_PREPROCESSOR_DEFINITIONS = (
					"DEBUG=1",
					"$(inherited)",
				);
				GCC_WARN_64_TO_32_BIT_CONVERSION = YES;
				GCC_WARN_ABOUT_RETURN_TYPE = YES_ERROR;
				GCC_WARN_UNDECLARED_SELECTOR = YES;
				GCC_WARN_UNINITIALIZED_AUTOS = YES_AGGRESSIVE;
				GCC_WARN_UNUSED_FUNCTION = YES;
				GCC_WARN_UNUSED_VARIABLE = YES;
				IPHONEOS_DEPLOYMENT_TARGET = 11.0;
				MTL_ENABLE_DEBUG_INFO = YES;
				ONLY_ACTIVE_ARCH = YES;
				SDKROOT = iphoneos;
				SWIFT_ACTIVE_COMPILATION_CONDITIONS = DEBUG;
				SWIFT_OPTIMIZATION_LEVEL = "-Onone";
			};
			name = Debug;
		};
		8F28A6B31FA021B600A6DE1F /* Release */ = {
			isa = XCBuildConfiguration;
			buildSettings = {
				ALWAYS_SEARCH_USER_PATHS = NO;
				CLANG_ANALYZER_NONNULL = YES;
				CLANG_ANALYZER_NUMBER_OBJECT_CONVERSION = YES_AGGRESSIVE;
				CLANG_CXX_LANGUAGE_STANDARD = "gnu++14";
				CLANG_CXX_LIBRARY = "libc++";
				CLANG_ENABLE_MODULES = YES;
				CLANG_ENABLE_OBJC_ARC = YES;
				CLANG_WARN_BLOCK_CAPTURE_AUTORELEASING = YES;
				CLANG_WARN_BOOL_CONVERSION = YES;
				CLANG_WARN_COMMA = YES;
				CLANG_WARN_CONSTANT_CONVERSION = YES;
				CLANG_WARN_DIRECT_OBJC_ISA_USAGE = YES_ERROR;
				CLANG_WARN_DOCUMENTATION_COMMENTS = YES;
				CLANG_WARN_EMPTY_BODY = YES;
				CLANG_WARN_ENUM_CONVERSION = YES;
				CLANG_WARN_INFINITE_RECURSION = YES;
				CLANG_WARN_INT_CONVERSION = YES;
				CLANG_WARN_NON_LITERAL_NULL_CONVERSION = YES;
				CLANG_WARN_OBJC_LITERAL_CONVERSION = YES;
				CLANG_WARN_OBJC_ROOT_CLASS = YES_ERROR;
				CLANG_WARN_RANGE_LOOP_ANALYSIS = YES;
				CLANG_WARN_STRICT_PROTOTYPES = YES;
				CLANG_WARN_SUSPICIOUS_MOVE = YES;
				CLANG_WARN_UNGUARDED_AVAILABILITY = YES_AGGRESSIVE;
				CLANG_WARN_UNREACHABLE_CODE = YES;
				CLANG_WARN__DUPLICATE_METHOD_MATCH = YES;
				CODE_SIGN_IDENTITY = "iPhone Developer";
				COPY_PHASE_STRIP = NO;
				DEBUG_INFORMATION_FORMAT = "dwarf-with-dsym";
				ENABLE_NS_ASSERTIONS = NO;
				ENABLE_STRICT_OBJC_MSGSEND = YES;
				GCC_C_LANGUAGE_STANDARD = gnu11;
				GCC_NO_COMMON_BLOCKS = YES;
				GCC_WARN_64_TO_32_BIT_CONVERSION = YES;
				GCC_WARN_ABOUT_RETURN_TYPE = YES_ERROR;
				GCC_WARN_UNDECLARED_SELECTOR = YES;
				GCC_WARN_UNINITIALIZED_AUTOS = YES_AGGRESSIVE;
				GCC_WARN_UNUSED_FUNCTION = YES;
				GCC_WARN_UNUSED_VARIABLE = YES;
				IPHONEOS_DEPLOYMENT_TARGET = 11.0;
				MTL_ENABLE_DEBUG_INFO = NO;
				SDKROOT = iphoneos;
				SWIFT_OPTIMIZATION_LEVEL = "-Owholemodule";
				VALIDATE_PRODUCT = YES;
			};
			name = Release;
		};
		8F28A6B51FA021B600A6DE1F /* Debug */ = {
			isa = XCBuildConfiguration;
			baseConfigurationReference = 673549A023F5614C0A8157EB /* Pods-Group14Alpha.debug.xcconfig */;
			buildSettings = {
				ASSETCATALOG_COMPILER_APPICON_NAME = AppIcon;
				CLANG_ENABLE_MODULES = YES;
				"CODE_SIGN_IDENTITY[sdk=iphoneos*]" = "iPhone Developer";
				CODE_SIGN_STYLE = Automatic;
				DEVELOPMENT_TEAM = DEVF4M6WDA;
				FRAMEWORK_SEARCH_PATHS = (
					"$(inherited)",
					"$(PROJECT_DIR)",
					"$(PROJECT_DIR)/Group14Alpha",
				);
				INFOPLIST_FILE = Group14Alpha/Info.plist;
				LD_RUNPATH_SEARCH_PATHS = "$(inherited) @executable_path/Frameworks";
				OTHER_LDFLAGS = (
					"$(inherited)",
					"-framework",
					"\"Bolts\"",
					"-framework",
					"\"FBSDKCoreKit\"",
					"-framework",
					"\"FBSDKLoginKit\"",
					"-framework",
					"\"FBSDKShareKit\"",
					"-framework",
					"\"SpotifyKit\"",
					"-ObjC",
				);
				PRODUCT_BUNDLE_IDENTIFIER = com.group14.GeoTunes;
				PRODUCT_NAME = "$(TARGET_NAME)";
				PROVISIONING_PROFILE_SPECIFIER = "";
				SWIFT_OBJC_BRIDGING_HEADER = "Group14Alpha/Group14Alpha-Bridging-Header.h";
				SWIFT_OPTIMIZATION_LEVEL = "-Onone";
				SWIFT_VERSION = 4.0;
				TARGETED_DEVICE_FAMILY = "1,2";
			};
			name = Debug;
		};
		8F28A6B61FA021B600A6DE1F /* Release */ = {
			isa = XCBuildConfiguration;
			baseConfigurationReference = 0394908F834F419DBE393EC2 /* Pods-Group14Alpha.release.xcconfig */;
			buildSettings = {
				ASSETCATALOG_COMPILER_APPICON_NAME = AppIcon;
				CLANG_ENABLE_MODULES = YES;
				"CODE_SIGN_IDENTITY[sdk=iphoneos*]" = "iPhone Developer";
				CODE_SIGN_STYLE = Automatic;
				DEVELOPMENT_TEAM = DEVF4M6WDA;
				FRAMEWORK_SEARCH_PATHS = (
					"$(inherited)",
					"$(PROJECT_DIR)",
					"$(PROJECT_DIR)/Group14Alpha",
				);
				INFOPLIST_FILE = Group14Alpha/Info.plist;
				LD_RUNPATH_SEARCH_PATHS = "$(inherited) @executable_path/Frameworks";
				PRODUCT_BUNDLE_IDENTIFIER = com.group14.GeoTunes;
				PRODUCT_NAME = "$(TARGET_NAME)";
				PROVISIONING_PROFILE_SPECIFIER = "";
				SWIFT_OBJC_BRIDGING_HEADER = "Group14Alpha/Group14Alpha-Bridging-Header.h";
				SWIFT_VERSION = 4.0;
				TARGETED_DEVICE_FAMILY = "1,2";
			};
			name = Release;
		};
/* End XCBuildConfiguration section */

/* Begin XCConfigurationList section */
		8F28A69D1FA021B600A6DE1F /* Build configuration list for PBXProject "Group14Alpha" */ = {
			isa = XCConfigurationList;
			buildConfigurations = (
				8F28A6B21FA021B600A6DE1F /* Debug */,
				8F28A6B31FA021B600A6DE1F /* Release */,
			);
			defaultConfigurationIsVisible = 0;
			defaultConfigurationName = Release;
		};
		8F28A6B41FA021B600A6DE1F /* Build configuration list for PBXNativeTarget "Group14Alpha" */ = {
			isa = XCConfigurationList;
			buildConfigurations = (
				8F28A6B51FA021B600A6DE1F /* Debug */,
				8F28A6B61FA021B600A6DE1F /* Release */,
			);
			defaultConfigurationIsVisible = 0;
			defaultConfigurationName = Release;
		};
/* End XCConfigurationList section */

/* Begin XCVersionGroup section */
		8F0B0B471FC2257800BE8A00 /* Group14Alpha.xcdatamodeld */ = {
			isa = XCVersionGroup;
			children = (
				8F0B0B481FC2257800BE8A00 /* Group14Alpha.xcdatamodel */,
			);
			currentVersion = 8F0B0B481FC2257800BE8A00 /* Group14Alpha.xcdatamodel */;
			path = Group14Alpha.xcdatamodeld;
			sourceTree = "<group>";
			versionGroupType = wrapper.xcdatamodel;
		};
/* End XCVersionGroup section */
	};
	rootObject = 8F28A69A1FA021B600A6DE1F /* Project object */;
}
